
Microsoft Visual Studio Solution File, Format Version 12.00
# Visual Studio Version 17
VisualStudioVersion = 17.8.34525.116
MinimumVisualStudioVersion = 10.0.40219.1
Project("{9A19103F-16F7-4668-BE54-9A1E7A4F7556}") = "VisualTech.Domain", "VisualTech.Domain\VisualTech.Domain.csproj", "{ED223C64-95EF-414E-A0B2-9DFD02F12814}"
EndProject
Project("{9A19103F-16F7-4668-BE54-9A1E7A4F7556}") = "VisualTech.DataAccess", "VisualTech.DataAccess\VisualTech.DataAccess.csproj", "{7C96A642-6601-4B91-B5D0-556D9EC3126F}"
EndProject
Project("{9A19103F-16F7-4668-BE54-9A1E7A4F7556}") = "VisualTech", "VisualTech\VisualTech.csproj", "{98FA303C-EBFB-42B5-9E48-EEF9F3CF2753}"
EndProject
Global
	GlobalSection(SolutionConfigurationPlatforms) = preSolution
		Debug|Any CPU = Debug|Any CPU
		Release|Any CPU = Release|Any CPU
	EndGlobalSection
	GlobalSection(ProjectConfigurationPlatforms) = postSolution
		{ED223C64-95EF-414E-A0B2-9DFD02F12814}.Debug|Any CPU.ActiveCfg = Debug|Any CPU
		{ED223C64-95EF-414E-A0B2-9DFD02F12814}.Debug|Any CPU.Build.0 = Debug|Any CPU
		{ED223C64-95EF-414E-A0B2-9DFD02F12814}.Release|Any CPU.ActiveCfg = Release|Any CPU
		{ED223C64-95EF-414E-A0B2-9DFD02F12814}.Release|Any CPU.Build.0 = Release|Any CPU
		{7C96A642-6601-4B91-B5D0-556D9EC3126F}.Debug|Any CPU.ActiveCfg = Debug|Any CPU
		{7C96A642-6601-4B91-B5D0-556D9EC3126F}.Debug|Any CPU.Build.0 = Debug|Any CPU
		{7C96A642-6601-4B91-B5D0-556D9EC3126F}.Release|Any CPU.ActiveCfg = Release|Any CPU
		{7C96A642-6601-4B91-B5D0-556D9EC3126F}.Release|Any CPU.Build.0 = Release|Any CPU
		{98FA303C-EBFB-42B5-9E48-EEF9F3CF2753}.Debug|Any CPU.ActiveCfg = Debug|Any CPU
		{98FA303C-EBFB-42B5-9E48-EEF9F3CF2753}.Debug|Any CPU.Build.0 = Debug|Any CPU
		{98FA303C-EBFB-42B5-9E48-EEF9F3CF2753}.Release|Any CPU.ActiveCfg = Release|Any CPU
		{98FA303C-EBFB-42B5-9E48-EEF9F3CF2753}.Release|Any CPU.Build.0 = Release|Any CPU
	EndGlobalSection
	GlobalSection(SolutionProperties) = preSolution
		HideSolutionNode = FALSE
	EndGlobalSection
	GlobalSection(ExtensibilityGlobals) = postSolution
		SolutionGuid = {2D4C9F11-5B88-44B1-BFDA-D444698D8C36}
	EndGlobalSection
EndGlobal
